
Microsoft Visual Studio Solution File, Format Version 11.00
# Visual Studio 2010
Project("{FAE04EC0-301F-11D3-BF4B-00C04F79EFBC}") = "Assembly-CSharp", "Assembly-CSharp.csproj", "{363CAE96-2230-EAC9-D354-D4A967D13BFE}"
EndProject
Project("{FAE04EC0-301F-11D3-BF4B-00C04F79EFBC}") = "Assembly-CSharp-Editor", "Assembly-CSharp-Editor.csproj", "{6A6FD684-521D-2D95-959B-455B2DAC6063}"
EndProject
Global
	GlobalSection(SolutionConfigurationPlatforms) = preSolution
		Debug|Any CPU = Debug|Any CPU
		Release|Any CPU = Release|Any CPU
	EndGlobalSection
	GlobalSection(ProjectConfigurationPlatforms) = postSolution
		{363CAE96-2230-EAC9-D354-D4A967D13BFE}.Debug|Any CPU.ActiveCfg = Debug|Any CPU
		{363CAE96-2230-EAC9-D354-D4A967D13BFE}.Debug|Any CPU.Build.0 = Debug|Any CPU
		{363CAE96-2230-EAC9-D354-D4A967D13BFE}.Release|Any CPU.ActiveCfg = Release|Any CPU
		{363CAE96-2230-EAC9-D354-D4A967D13BFE}.Release|Any CPU.Build.0 = Release|Any CPU
		{6A6FD684-521D-2D95-959B-455B2DAC6063}.Debug|Any CPU.ActiveCfg = Debug|Any CPU
		{6A6FD684-521D-2D95-959B-455B2DAC6063}.Debug|Any CPU.Build.0 = Debug|Any CPU
		{6A6FD684-521D-2D95-959B-455B2DAC6063}.Release|Any CPU.ActiveCfg = Release|Any CPU
		{6A6FD684-521D-2D95-959B-455B2DAC6063}.Release|Any CPU.Build.0 = Release|Any CPU
	EndGlobalSection
	GlobalSection(SolutionProperties) = preSolution
		HideSolutionNode = FALSE
	EndGlobalSection
	GlobalSection(MonoDevelopProperties) = preSolution
		StartupItem = Assembly-CSharp.csproj
	EndGlobalSection
EndGlobal
